
Microsoft Visual Studio Solution File, Format Version 11.00
# Visual C++ Express 2010
Project("{8BC9CEB8-8B4A-11D0-8D11-00A0C91BC942}") = "eg09", "eg09\eg09.vcxproj", "{09F207CF-2202-493C-98A6-FB6634E05E7F}"
EndProject
Global
	GlobalSection(SolutionConfigurationPlatforms) = preSolution
		Debug|Win32 = Debug|Win32
		Release|Win32 = Release|Win32
	EndGlobalSection
	GlobalSection(ProjectConfigurationPlatforms) = postSolution
		{09F207CF-2202-493C-98A6-FB6634E05E7F}.Debug|Win32.ActiveCfg = Debug|Win32
		{09F207CF-2202-493C-98A6-FB6634E05E7F}.Debug|Win32.Build.0 = Debug|Win32
		{09F207CF-2202-493C-98A6-FB6634E05E7F}.Release|Win32.ActiveCfg = Release|Win32
		{09F207CF-2202-493C-98A6-FB6634E05E7F}.Release|Win32.Build.0 = Release|Win32
	EndGlobalSection
	GlobalSection(SolutionProperties) = preSolution
		HideSolutionNode = FALSE
	EndGlobalSection
EndGlobal
